
Microsoft Visual Studio Solution File, Format Version 12.00
# Visual Studio Version 16
VisualStudioVersion = 16.0.29806.167
MinimumVisualStudioVersion = 10.0.40219.1
Project("{FAE04EC0-301F-11D3-BF4B-00C04F79EFBC}") = "Assignment", "Assignment.csproj", "{9071366D-DCCB-411B-B6D9-2DB20906FEFD}"
EndProject
Project("{FAE04EC0-301F-11D3-BF4B-00C04F79EFBC}") = "UnitTestProject1", "..\UnitTestProject1\UnitTestProject1.csproj", "{AA9C8053-E29D-464B-A606-417BA7A20CE5}"
EndProject
Global
	GlobalSection(SolutionConfigurationPlatforms) = preSolution
		Debug|Any CPU = Debug|Any CPU
		Release|Any CPU = Release|Any CPU
	EndGlobalSection
	GlobalSection(ProjectConfigurationPlatforms) = postSolution
		{9071366D-DCCB-411B-B6D9-2DB20906FEFD}.Debug|Any CPU.ActiveCfg = Debug|Any CPU
		{9071366D-DCCB-411B-B6D9-2DB20906FEFD}.Debug|Any CPU.Build.0 = Debug|Any CPU
		{9071366D-DCCB-411B-B6D9-2DB20906FEFD}.Release|Any CPU.ActiveCfg = Release|Any CPU
		{9071366D-DCCB-411B-B6D9-2DB20906FEFD}.Release|Any CPU.Build.0 = Release|Any CPU
		{AA9C8053-E29D-464B-A606-417BA7A20CE5}.Debug|Any CPU.ActiveCfg = Debug|Any CPU
		{AA9C8053-E29D-464B-A606-417BA7A20CE5}.Debug|Any CPU.Build.0 = Debug|Any CPU
		{AA9C8053-E29D-464B-A606-417BA7A20CE5}.Release|Any CPU.ActiveCfg = Release|Any CPU
		{AA9C8053-E29D-464B-A606-417BA7A20CE5}.Release|Any CPU.Build.0 = Release|Any CPU
	EndGlobalSection
	GlobalSection(SolutionProperties) = preSolution
		HideSolutionNode = FALSE
	EndGlobalSection
	GlobalSection(ExtensibilityGlobals) = postSolution
		SolutionGuid = {7D2FDBB1-D905-46B7-A5A4-191E0C7F7440}
	EndGlobalSection
EndGlobal
